
Microsoft Visual Studio Solution File, Format Version 12.00
# Visual Studio 15
VisualStudioVersion = 15.0.27004.2002
MinimumVisualStudioVersion = 10.0.40219.1
Project("{2150E333-8FDC-42A3-9474-1A3956D46DE8}") = "Solution Items", "Solution Items", "{24DFF068-7CAE-41CF-B2B9-1C42E2AEA400}"
	ProjectSection(SolutionItems) = preProject
		.gitattributes = .gitattributes
		.gitignore = .gitignore
		.gitmodules = .gitmodules
		Directory.Build.props = Directory.Build.props
		LICENSE = LICENSE
	EndProjectSection
EndProject
Project("{2150E333-8FDC-42A3-9474-1A3956D46DE8}") = "src", "src", "{B8B75351-572E-46FF-B675-F25E12193D59}"
EndProject
Project("{9A19103F-16F7-4668-BE54-9A1E7A4F7556}") = "THNETII.Acme.Client", "src\THNETII.Acme.Client\THNETII.Acme.Client.csproj", "{519EE66F-75F5-437C-A7BF-5095C3A21782}"
EndProject
Project("{2150E333-8FDC-42A3-9474-1A3956D46DE8}") = "doc", "doc", "{5A3AAF6E-0FA3-4317-8AAE-0D38BA05F97E}"
EndProject
Project("{2150E333-8FDC-42A3-9474-1A3956D46DE8}") = "acme", "acme", "{53265252-9CA1-4793-BB1C-5A823CAA5785}"
	ProjectSection(SolutionItems) = preProject
		doc\acme\draft-ietf-acme-acme-02.html = doc\acme\draft-ietf-acme-acme-02.html
		doc\acme\README.md = doc\acme\README.md
	EndProjectSection
EndProject
Project("{2150E333-8FDC-42A3-9474-1A3956D46DE8}") = "test", "test", "{40030D25-BA09-4EEC-9EE2-81EE22E8A4AD}"
EndProject
Project("{9A19103F-16F7-4668-BE54-9A1E7A4F7556}") = "THNETII.Acme.Test", "test\THNETII.Acme.Test\THNETII.Acme.Test.csproj", "{E1065F73-1E2C-497A-BBC9-C8CBBB4A4DA1}"
EndProject
Project("{9A19103F-16F7-4668-BE54-9A1E7A4F7556}") = "THNETII.Common", "dotnet-common\src\THNETII.Common\THNETII.Common.csproj", "{47263FBA-FE4D-4226-80BC-1C533D957083}"
EndProject
Project("{9A19103F-16F7-4668-BE54-9A1E7A4F7556}") = "THNETII.Security.JOSE", "dotnet-common\src\THNETII.Security.JOSE\THNETII.Security.JOSE.csproj", "{CCAFEB8C-99BB-42BA-ABEC-81E6D92A50B7}"
EndProject
Project("{9A19103F-16F7-4668-BE54-9A1E7A4F7556}") = "THNETII.Common.Test", "dotnet-common\test\THNETII.Common.Test\THNETII.Common.Test.csproj", "{F78C371B-09E2-43C6-BC2C-B14EC50CA7AC}"
EndProject
Project("{9A19103F-16F7-4668-BE54-9A1E7A4F7556}") = "THNETII.Acme.Client.Cli", "src\THNETII.Acme.Client.Cli\THNETII.Acme.Client.Cli.csproj", "{301807F9-2098-45F8-813F-7B53F8ADCB38}"
EndProject
Project("{2150E333-8FDC-42A3-9474-1A3956D46DE8}") = ".vscode", ".vscode", "{48153BA2-F227-49FC-BEB6-8ABC24D47217}"
	ProjectSection(SolutionItems) = preProject
		.vscode\launch.json = .vscode\launch.json
		.vscode\tasks.json = .vscode\tasks.json
	EndProjectSection
EndProject
Project("{9A19103F-16F7-4668-BE54-9A1E7A4F7556}") = "THNETII.Common.Cli", "dotnet-common\src\THNETII.Common.Cli\THNETII.Common.Cli.csproj", "{7F69EDFE-57AB-40DE-9013-F10B5C7899ED}"
EndProject
Project("{9A19103F-16F7-4668-BE54-9A1E7A4F7556}") = "THNETII.Common.DataContractSerializer", "dotnet-common\src\THNETII.Common.DataContractSerializer\THNETII.Common.DataContractSerializer.csproj", "{F9CF4273-43C6-4835-823E-C4E05037F947}"
EndProject
Project("{2150E333-8FDC-42A3-9474-1A3956D46DE8}") = "dotnet-common", "dotnet-common", "{75F073C8-2EA9-4940-8F89-D99F5495FB71}"
EndProject
Project("{2150E333-8FDC-42A3-9474-1A3956D46DE8}") = "rfc", "rfc", "{7C0607CB-BD78-4E56-BB53-D40285D41D89}"
	ProjectSection(SolutionItems) = preProject
		dotnet-common\doc\rfc\rfc7165.html = dotnet-common\doc\rfc\rfc7165.html
		dotnet-common\doc\rfc\rfc7515.html = dotnet-common\doc\rfc\rfc7515.html
		dotnet-common\doc\rfc\rfc7516.html = dotnet-common\doc\rfc\rfc7516.html
		dotnet-common\doc\rfc\rfc7517.html = dotnet-common\doc\rfc\rfc7517.html
		dotnet-common\doc\rfc\rfc7518.html = dotnet-common\doc\rfc\rfc7518.html
		dotnet-common\doc\rfc\rfc7519.html = dotnet-common\doc\rfc\rfc7519.html
		dotnet-common\doc\rfc\rfc7520.html = dotnet-common\doc\rfc\rfc7520.html
	EndProjectSection
EndProject
Project("{9A19103F-16F7-4668-BE54-9A1E7A4F7556}") = "THNETII.Common.Cli.Extensions", "dotnet-common\src\THNETII.Common.Cli.Extensions\THNETII.Common.Cli.Extensions.csproj", "{539911B0-F995-436D-8D33-2D8E2DC73533}"
EndProject
Global
	GlobalSection(SolutionConfigurationPlatforms) = preSolution
		Debug|Any CPU = Debug|Any CPU
		Release|Any CPU = Release|Any CPU
	EndGlobalSection
	GlobalSection(ProjectConfigurationPlatforms) = postSolution
		{519EE66F-75F5-437C-A7BF-5095C3A21782}.Debug|Any CPU.ActiveCfg = Debug|Any CPU
		{519EE66F-75F5-437C-A7BF-5095C3A21782}.Debug|Any CPU.Build.0 = Debug|Any CPU
		{519EE66F-75F5-437C-A7BF-5095C3A21782}.Release|Any CPU.ActiveCfg = Release|Any CPU
		{519EE66F-75F5-437C-A7BF-5095C3A21782}.Release|Any CPU.Build.0 = Release|Any CPU
		{E1065F73-1E2C-497A-BBC9-C8CBBB4A4DA1}.Debug|Any CPU.ActiveCfg = Debug|Any CPU
		{E1065F73-1E2C-497A-BBC9-C8CBBB4A4DA1}.Debug|Any CPU.Build.0 = Debug|Any CPU
		{E1065F73-1E2C-497A-BBC9-C8CBBB4A4DA1}.Release|Any CPU.ActiveCfg = Release|Any CPU
		{E1065F73-1E2C-497A-BBC9-C8CBBB4A4DA1}.Release|Any CPU.Build.0 = Release|Any CPU
		{47263FBA-FE4D-4226-80BC-1C533D957083}.Debug|Any CPU.ActiveCfg = Debug|Any CPU
		{47263FBA-FE4D-4226-80BC-1C533D957083}.Debug|Any CPU.Build.0 = Debug|Any CPU
		{47263FBA-FE4D-4226-80BC-1C533D957083}.Release|Any CPU.ActiveCfg = Release|Any CPU
		{47263FBA-FE4D-4226-80BC-1C533D957083}.Release|Any CPU.Build.0 = Release|Any CPU
		{CCAFEB8C-99BB-42BA-ABEC-81E6D92A50B7}.Debug|Any CPU.ActiveCfg = Debug|Any CPU
		{CCAFEB8C-99BB-42BA-ABEC-81E6D92A50B7}.Debug|Any CPU.Build.0 = Debug|Any CPU
		{CCAFEB8C-99BB-42BA-ABEC-81E6D92A50B7}.Release|Any CPU.ActiveCfg = Release|Any CPU
		{CCAFEB8C-99BB-42BA-ABEC-81E6D92A50B7}.Release|Any CPU.Build.0 = Release|Any CPU
		{F78C371B-09E2-43C6-BC2C-B14EC50CA7AC}.Debug|Any CPU.ActiveCfg = Debug|Any CPU
		{F78C371B-09E2-43C6-BC2C-B14EC50CA7AC}.Debug|Any CPU.Build.0 = Debug|Any CPU
		{F78C371B-09E2-43C6-BC2C-B14EC50CA7AC}.Release|Any CPU.ActiveCfg = Release|Any CPU
		{F78C371B-09E2-43C6-BC2C-B14EC50CA7AC}.Release|Any CPU.Build.0 = Release|Any CPU
		{301807F9-2098-45F8-813F-7B53F8ADCB38}.Debug|Any CPU.ActiveCfg = Debug|Any CPU
		{301807F9-2098-45F8-813F-7B53F8ADCB38}.Debug|Any CPU.Build.0 = Debug|Any CPU
		{301807F9-2098-45F8-813F-7B53F8ADCB38}.Release|Any CPU.ActiveCfg = Release|Any CPU
		{301807F9-2098-45F8-813F-7B53F8ADCB38}.Release|Any CPU.Build.0 = Release|Any CPU
		{7F69EDFE-57AB-40DE-9013-F10B5C7899ED}.Debug|Any CPU.ActiveCfg = Debug|Any CPU
		{7F69EDFE-57AB-40DE-9013-F10B5C7899ED}.Debug|Any CPU.Build.0 = Debug|Any CPU
		{7F69EDFE-57AB-40DE-9013-F10B5C7899ED}.Release|Any CPU.ActiveCfg = Release|Any CPU
		{7F69EDFE-57AB-40DE-9013-F10B5C7899ED}.Release|Any CPU.Build.0 = Release|Any CPU
		{F9CF4273-43C6-4835-823E-C4E05037F947}.Debug|Any CPU.ActiveCfg = Debug|Any CPU
		{F9CF4273-43C6-4835-823E-C4E05037F947}.Debug|Any CPU.Build.0 = Debug|Any CPU
		{F9CF4273-43C6-4835-823E-C4E05037F947}.Release|Any CPU.ActiveCfg = Release|Any CPU
		{F9CF4273-43C6-4835-823E-C4E05037F947}.Release|Any CPU.Build.0 = Release|Any CPU
		{539911B0-F995-436D-8D33-2D8E2DC73533}.Debug|Any CPU.ActiveCfg = Debug|Any CPU
		{539911B0-F995-436D-8D33-2D8E2DC73533}.Debug|Any CPU.Build.0 = Debug|Any CPU
		{539911B0-F995-436D-8D33-2D8E2DC73533}.Release|Any CPU.ActiveCfg = Release|Any CPU
		{539911B0-F995-436D-8D33-2D8E2DC73533}.Release|Any CPU.Build.0 = Release|Any CPU
	EndGlobalSection
	GlobalSection(SolutionProperties) = preSolution
		HideSolutionNode = FALSE
	EndGlobalSection
	GlobalSection(NestedProjects) = preSolution
		{519EE66F-75F5-437C-A7BF-5095C3A21782} = {B8B75351-572E-46FF-B675-F25E12193D59}
		{5A3AAF6E-0FA3-4317-8AAE-0D38BA05F97E} = {24DFF068-7CAE-41CF-B2B9-1C42E2AEA400}
		{53265252-9CA1-4793-BB1C-5A823CAA5785} = {5A3AAF6E-0FA3-4317-8AAE-0D38BA05F97E}
		{E1065F73-1E2C-497A-BBC9-C8CBBB4A4DA1} = {40030D25-BA09-4EEC-9EE2-81EE22E8A4AD}
		{47263FBA-FE4D-4226-80BC-1C533D957083} = {B8B75351-572E-46FF-B675-F25E12193D59}
		{CCAFEB8C-99BB-42BA-ABEC-81E6D92A50B7} = {B8B75351-572E-46FF-B675-F25E12193D59}
		{F78C371B-09E2-43C6-BC2C-B14EC50CA7AC} = {40030D25-BA09-4EEC-9EE2-81EE22E8A4AD}
		{301807F9-2098-45F8-813F-7B53F8ADCB38} = {B8B75351-572E-46FF-B675-F25E12193D59}
		{48153BA2-F227-49FC-BEB6-8ABC24D47217} = {24DFF068-7CAE-41CF-B2B9-1C42E2AEA400}
		{7F69EDFE-57AB-40DE-9013-F10B5C7899ED} = {B8B75351-572E-46FF-B675-F25E12193D59}
		{F9CF4273-43C6-4835-823E-C4E05037F947} = {B8B75351-572E-46FF-B675-F25E12193D59}
		{75F073C8-2EA9-4940-8F89-D99F5495FB71} = {5A3AAF6E-0FA3-4317-8AAE-0D38BA05F97E}
		{7C0607CB-BD78-4E56-BB53-D40285D41D89} = {75F073C8-2EA9-4940-8F89-D99F5495FB71}
		{539911B0-F995-436D-8D33-2D8E2DC73533} = {B8B75351-572E-46FF-B675-F25E12193D59}
	EndGlobalSection
	GlobalSection(ExtensibilityGlobals) = postSolution
		SolutionGuid = {A33BD0A9-94AE-47CD-9B4D-DB86A4EAEF68}
	EndGlobalSection
EndGlobal
