
Microsoft Visual Studio Solution File, Format Version 12.00
# Visual Studio Version 16
VisualStudioVersion = 16.0.28606.126
MinimumVisualStudioVersion = 10.0.40219.1
Project("{2150E333-8FDC-42A3-9474-1A3956D46DE8}") = "Solution Items", "Solution Items", "{24DFF068-7CAE-41CF-B2B9-1C42E2AEA400}"
	ProjectSection(SolutionItems) = preProject
		.editorconfig = .editorconfig
		.gitattributes = .gitattributes
		.gitignore = .gitignore
		.gitmodules = .gitmodules
		AllRules.ruleset = AllRules.ruleset
		Directory.Build.props = Directory.Build.props
		Directory.Meta.props = Directory.Meta.props
		Directory.Version.props = Directory.Version.props
		LICENSE = LICENSE
	EndProjectSection
EndProject
Project("{2150E333-8FDC-42A3-9474-1A3956D46DE8}") = "src", "src", "{B8B75351-572E-46FF-B675-F25E12193D59}"
EndProject
Project("{9A19103F-16F7-4668-BE54-9A1E7A4F7556}") = "THNETII.Acme.Client", "src\THNETII.Acme.Client\THNETII.Acme.Client.csproj", "{519EE66F-75F5-437C-A7BF-5095C3A21782}"
EndProject
Project("{2150E333-8FDC-42A3-9474-1A3956D46DE8}") = "acme", "acme", "{53265252-9CA1-4793-BB1C-5A823CAA5785}"
	ProjectSection(SolutionItems) = preProject
		doc\acme\draft-ietf-acme-acme-02.html = doc\acme\draft-ietf-acme-acme-02.html
		doc\acme\README.md = doc\acme\README.md
	EndProjectSection
EndProject
Project("{2150E333-8FDC-42A3-9474-1A3956D46DE8}") = "test", "test", "{40030D25-BA09-4EEC-9EE2-81EE22E8A4AD}"
EndProject
Project("{9A19103F-16F7-4668-BE54-9A1E7A4F7556}") = "THNETII.Acme.Test", "test\THNETII.Acme.Test\THNETII.Acme.Test.csproj", "{E1065F73-1E2C-497A-BBC9-C8CBBB4A4DA1}"
EndProject
Project("{9A19103F-16F7-4668-BE54-9A1E7A4F7556}") = "THNETII.Acme.Client.Cli", "src\THNETII.Acme.Client.Cli\THNETII.Acme.Client.Cli.csproj", "{301807F9-2098-45F8-813F-7B53F8ADCB38}"
EndProject
Project("{2150E333-8FDC-42A3-9474-1A3956D46DE8}") = ".vscode", ".vscode", "{48153BA2-F227-49FC-BEB6-8ABC24D47217}"
	ProjectSection(SolutionItems) = preProject
		.vscode\launch.json = .vscode\launch.json
		.vscode\tasks.json = .vscode\tasks.json
	EndProjectSection
EndProject
Project("{2150E333-8FDC-42A3-9474-1A3956D46DE8}") = "dotnet-common", "dotnet-common", "{4E2D5A4C-2D5A-4A87-A997-2F0DF6B71ABD}"
EndProject
Project("{2150E333-8FDC-42A3-9474-1A3956D46DE8}") = "src", "src", "{38B954A5-1661-41B3-A332-EE572E61A702}"
EndProject
Project("{9A19103F-16F7-4668-BE54-9A1E7A4F7556}") = "THNETII.Common", "dotnet-common\src\THNETII.Common\THNETII.Common.csproj", "{DE8691D6-069C-4025-9F56-8FAABA79B836}"
EndProject
Project("{9A19103F-16F7-4668-BE54-9A1E7A4F7556}") = "THNETII.Diagnostics.DiagnosticSourceExtensions", "dotnet-common\src\THNETII.Diagnostics.DiagnosticSourceExtensions\THNETII.Diagnostics.DiagnosticSourceExtensions.csproj", "{ACD48456-13AD-4597-A0DD-21CD01D142B2}"
EndProject
Project("{9A19103F-16F7-4668-BE54-9A1E7A4F7556}") = "THNETII.Networking.Http", "dotnet-common\src\THNETII.Networking.Http\THNETII.Networking.Http.csproj", "{36968835-8491-40EB-A245-3434CEA87999}"
EndProject
Project("{9A19103F-16F7-4668-BE54-9A1E7A4F7556}") = "THNETII.CommandLine.Extensions", "dotnet-common\src\THNETII.CommandLine.Extensions\THNETII.CommandLine.Extensions.csproj", "{72D006D6-AAA8-4C7B-B922-EFFF8F4459CE}"
EndProject
Project("{9A19103F-16F7-4668-BE54-9A1E7A4F7556}") = "THNETII.TypeConverter.Serialization", "dotnet-common\src\THNETII.TypeConverter.Serialization\THNETII.TypeConverter.Serialization.csproj", "{6EA25E3E-2C80-43A0-9F1F-9818DEF4B0AC}"
EndProject
Project("{9A19103F-16F7-4668-BE54-9A1E7A4F7556}") = "THNETII.TypeConverter", "dotnet-common\src\THNETII.TypeConverter\THNETII.TypeConverter.csproj", "{56FE1DC4-D1D6-4D71-87FC-256E825A2F1D}"
EndProject
Global
	GlobalSection(SolutionConfigurationPlatforms) = preSolution
		Debug|Any CPU = Debug|Any CPU
		Release|Any CPU = Release|Any CPU
	EndGlobalSection
	GlobalSection(ProjectConfigurationPlatforms) = postSolution
		{519EE66F-75F5-437C-A7BF-5095C3A21782}.Debug|Any CPU.ActiveCfg = Debug|Any CPU
		{519EE66F-75F5-437C-A7BF-5095C3A21782}.Debug|Any CPU.Build.0 = Debug|Any CPU
		{519EE66F-75F5-437C-A7BF-5095C3A21782}.Release|Any CPU.ActiveCfg = Release|Any CPU
		{519EE66F-75F5-437C-A7BF-5095C3A21782}.Release|Any CPU.Build.0 = Release|Any CPU
		{E1065F73-1E2C-497A-BBC9-C8CBBB4A4DA1}.Debug|Any CPU.ActiveCfg = Debug|Any CPU
		{E1065F73-1E2C-497A-BBC9-C8CBBB4A4DA1}.Debug|Any CPU.Build.0 = Debug|Any CPU
		{E1065F73-1E2C-497A-BBC9-C8CBBB4A4DA1}.Release|Any CPU.ActiveCfg = Release|Any CPU
		{E1065F73-1E2C-497A-BBC9-C8CBBB4A4DA1}.Release|Any CPU.Build.0 = Release|Any CPU
		{301807F9-2098-45F8-813F-7B53F8ADCB38}.Debug|Any CPU.ActiveCfg = Debug|Any CPU
		{301807F9-2098-45F8-813F-7B53F8ADCB38}.Debug|Any CPU.Build.0 = Debug|Any CPU
		{301807F9-2098-45F8-813F-7B53F8ADCB38}.Release|Any CPU.ActiveCfg = Release|Any CPU
		{301807F9-2098-45F8-813F-7B53F8ADCB38}.Release|Any CPU.Build.0 = Release|Any CPU
		{DE8691D6-069C-4025-9F56-8FAABA79B836}.Debug|Any CPU.ActiveCfg = Debug|Any CPU
		{DE8691D6-069C-4025-9F56-8FAABA79B836}.Debug|Any CPU.Build.0 = Debug|Any CPU
		{DE8691D6-069C-4025-9F56-8FAABA79B836}.Release|Any CPU.ActiveCfg = Release|Any CPU
		{DE8691D6-069C-4025-9F56-8FAABA79B836}.Release|Any CPU.Build.0 = Release|Any CPU
		{ACD48456-13AD-4597-A0DD-21CD01D142B2}.Debug|Any CPU.ActiveCfg = Debug|Any CPU
		{ACD48456-13AD-4597-A0DD-21CD01D142B2}.Debug|Any CPU.Build.0 = Debug|Any CPU
		{ACD48456-13AD-4597-A0DD-21CD01D142B2}.Release|Any CPU.ActiveCfg = Release|Any CPU
		{ACD48456-13AD-4597-A0DD-21CD01D142B2}.Release|Any CPU.Build.0 = Release|Any CPU
		{36968835-8491-40EB-A245-3434CEA87999}.Debug|Any CPU.ActiveCfg = Debug|Any CPU
		{36968835-8491-40EB-A245-3434CEA87999}.Debug|Any CPU.Build.0 = Debug|Any CPU
		{36968835-8491-40EB-A245-3434CEA87999}.Release|Any CPU.ActiveCfg = Release|Any CPU
		{36968835-8491-40EB-A245-3434CEA87999}.Release|Any CPU.Build.0 = Release|Any CPU
		{72D006D6-AAA8-4C7B-B922-EFFF8F4459CE}.Debug|Any CPU.ActiveCfg = Debug|Any CPU
		{72D006D6-AAA8-4C7B-B922-EFFF8F4459CE}.Debug|Any CPU.Build.0 = Debug|Any CPU
		{72D006D6-AAA8-4C7B-B922-EFFF8F4459CE}.Release|Any CPU.ActiveCfg = Release|Any CPU
		{72D006D6-AAA8-4C7B-B922-EFFF8F4459CE}.Release|Any CPU.Build.0 = Release|Any CPU
		{6EA25E3E-2C80-43A0-9F1F-9818DEF4B0AC}.Debug|Any CPU.ActiveCfg = Debug|Any CPU
		{6EA25E3E-2C80-43A0-9F1F-9818DEF4B0AC}.Debug|Any CPU.Build.0 = Debug|Any CPU
		{6EA25E3E-2C80-43A0-9F1F-9818DEF4B0AC}.Release|Any CPU.ActiveCfg = Release|Any CPU
		{6EA25E3E-2C80-43A0-9F1F-9818DEF4B0AC}.Release|Any CPU.Build.0 = Release|Any CPU
		{56FE1DC4-D1D6-4D71-87FC-256E825A2F1D}.Debug|Any CPU.ActiveCfg = Debug|Any CPU
		{56FE1DC4-D1D6-4D71-87FC-256E825A2F1D}.Debug|Any CPU.Build.0 = Debug|Any CPU
		{56FE1DC4-D1D6-4D71-87FC-256E825A2F1D}.Release|Any CPU.ActiveCfg = Release|Any CPU
		{56FE1DC4-D1D6-4D71-87FC-256E825A2F1D}.Release|Any CPU.Build.0 = Release|Any CPU
	EndGlobalSection
	GlobalSection(SolutionProperties) = preSolution
		HideSolutionNode = FALSE
	EndGlobalSection
	GlobalSection(NestedProjects) = preSolution
		{519EE66F-75F5-437C-A7BF-5095C3A21782} = {B8B75351-572E-46FF-B675-F25E12193D59}
		{E1065F73-1E2C-497A-BBC9-C8CBBB4A4DA1} = {40030D25-BA09-4EEC-9EE2-81EE22E8A4AD}
		{301807F9-2098-45F8-813F-7B53F8ADCB38} = {B8B75351-572E-46FF-B675-F25E12193D59}
		{38B954A5-1661-41B3-A332-EE572E61A702} = {4E2D5A4C-2D5A-4A87-A997-2F0DF6B71ABD}
		{DE8691D6-069C-4025-9F56-8FAABA79B836} = {38B954A5-1661-41B3-A332-EE572E61A702}
		{ACD48456-13AD-4597-A0DD-21CD01D142B2} = {38B954A5-1661-41B3-A332-EE572E61A702}
		{36968835-8491-40EB-A245-3434CEA87999} = {38B954A5-1661-41B3-A332-EE572E61A702}
		{72D006D6-AAA8-4C7B-B922-EFFF8F4459CE} = {38B954A5-1661-41B3-A332-EE572E61A702}
		{6EA25E3E-2C80-43A0-9F1F-9818DEF4B0AC} = {38B954A5-1661-41B3-A332-EE572E61A702}
		{56FE1DC4-D1D6-4D71-87FC-256E825A2F1D} = {38B954A5-1661-41B3-A332-EE572E61A702}
	EndGlobalSection
	GlobalSection(ExtensibilityGlobals) = postSolution
		SolutionGuid = {A33BD0A9-94AE-47CD-9B4D-DB86A4EAEF68}
	EndGlobalSection
EndGlobal
